
Microsoft Visual Studio Solution File, Format Version 12.00
# Visual Studio Version 16
VisualStudioVersion = 16.0.29905.134
MinimumVisualStudioVersion = 10.0.40219.1
Project("{9A19103F-16F7-4668-BE54-9A1E7A4F7556}") = "TransformData", "TransformData\TransformData.csproj", "{ABA12B7F-1481-4117-AC05-6A38B0459BB5}"
EndProject
Project("{9A19103F-16F7-4668-BE54-9A1E7A4F7556}") = "DataEntities", "DataEntities\DataEntities.csproj", "{DF67B01E-C0E6-4300-9AE3-703DD02408F5}"
EndProject
Global
	GlobalSection(SolutionConfigurationPlatforms) = preSolution
		Debug|Any CPU = Debug|Any CPU
		Release|Any CPU = Release|Any CPU
	EndGlobalSection
	GlobalSection(ProjectConfigurationPlatforms) = postSolution
		{ABA12B7F-1481-4117-AC05-6A38B0459BB5}.Debug|Any CPU.ActiveCfg = Debug|Any CPU
		{ABA12B7F-1481-4117-AC05-6A38B0459BB5}.Debug|Any CPU.Build.0 = Debug|Any CPU
		{ABA12B7F-1481-4117-AC05-6A38B0459BB5}.Release|Any CPU.ActiveCfg = Release|Any CPU
		{ABA12B7F-1481-4117-AC05-6A38B0459BB5}.Release|Any CPU.Build.0 = Release|Any CPU
		{DF67B01E-C0E6-4300-9AE3-703DD02408F5}.Debug|Any CPU.ActiveCfg = Debug|Any CPU
		{DF67B01E-C0E6-4300-9AE3-703DD02408F5}.Debug|Any CPU.Build.0 = Debug|Any CPU
		{DF67B01E-C0E6-4300-9AE3-703DD02408F5}.Release|Any CPU.ActiveCfg = Release|Any CPU
		{DF67B01E-C0E6-4300-9AE3-703DD02408F5}.Release|Any CPU.Build.0 = Release|Any CPU
	EndGlobalSection
	GlobalSection(SolutionProperties) = preSolution
		HideSolutionNode = FALSE
	EndGlobalSection
	GlobalSection(ExtensibilityGlobals) = postSolution
		SolutionGuid = {0F18BA5D-0FC9-4337-A67C-1093B3EB4933}
	EndGlobalSection
EndGlobal
